
Microsoft Visual Studio Solution File, Format Version 12.00
# Visual Studio 15
VisualStudioVersion = 15.0.27004.2009
MinimumVisualStudioVersion = 10.0.40219.1
Project("{FAE04EC0-301F-11D3-BF4B-00C04F79EFBC}") = "FixEol", "FixEol\FixEol\FixEol.csproj", "{18F1543D-7A2A-4731-891B-A0EC9FDE42E3}"
EndProject
Project("{FAE04EC0-301F-11D3-BF4B-00C04F79EFBC}") = "FixEol.Console", "FixEol\FixEol.Console\FixEol.Console.csproj", "{95CC6F19-1E12-416D-9FFF-A3E5A0AA98C0}"
EndProject
Project("{9A19103F-16F7-4668-BE54-9A1E7A4F7556}") = "Ude", "ude\src\Library\Ude.csproj", "{74C2B32A-B9C2-43C8-819D-3438501D5AE5}"
EndProject
Global
	GlobalSection(SolutionConfigurationPlatforms) = preSolution
		Debug|Any CPU = Debug|Any CPU
		Release|Any CPU = Release|Any CPU
	EndGlobalSection
	GlobalSection(ProjectConfigurationPlatforms) = postSolution
		{18F1543D-7A2A-4731-891B-A0EC9FDE42E3}.Debug|Any CPU.ActiveCfg = Debug|Any CPU
		{18F1543D-7A2A-4731-891B-A0EC9FDE42E3}.Debug|Any CPU.Build.0 = Debug|Any CPU
		{18F1543D-7A2A-4731-891B-A0EC9FDE42E3}.Release|Any CPU.ActiveCfg = Release|Any CPU
		{18F1543D-7A2A-4731-891B-A0EC9FDE42E3}.Release|Any CPU.Build.0 = Release|Any CPU
		{95CC6F19-1E12-416D-9FFF-A3E5A0AA98C0}.Debug|Any CPU.ActiveCfg = Debug|Any CPU
		{95CC6F19-1E12-416D-9FFF-A3E5A0AA98C0}.Debug|Any CPU.Build.0 = Debug|Any CPU
		{95CC6F19-1E12-416D-9FFF-A3E5A0AA98C0}.Release|Any CPU.ActiveCfg = Release|Any CPU
		{95CC6F19-1E12-416D-9FFF-A3E5A0AA98C0}.Release|Any CPU.Build.0 = Release|Any CPU
		{74C2B32A-B9C2-43C8-819D-3438501D5AE5}.Debug|Any CPU.ActiveCfg = Debug|Any CPU
		{74C2B32A-B9C2-43C8-819D-3438501D5AE5}.Debug|Any CPU.Build.0 = Debug|Any CPU
		{74C2B32A-B9C2-43C8-819D-3438501D5AE5}.Release|Any CPU.ActiveCfg = Release|Any CPU
		{74C2B32A-B9C2-43C8-819D-3438501D5AE5}.Release|Any CPU.Build.0 = Release|Any CPU
	EndGlobalSection
	GlobalSection(SolutionProperties) = preSolution
		HideSolutionNode = FALSE
	EndGlobalSection
	GlobalSection(ExtensibilityGlobals) = postSolution
		SolutionGuid = {875484C8-E336-4FA6-AFA5-F0BBAC351398}
	EndGlobalSection
EndGlobal
